// !$*UTF8*$!
{
	archiveVersion = 1;
	classes = {
	};
	objectVersion = 77;
	objects = {

/* Begin PBXBuildFile section */
		4A1313162F1D4F3900F0A47D /* Dependencies in Frameworks */ = {isa = PBXBuildFile; productRef = 4A1313152F1D4F3900F0A47D /* Dependencies */; };
		4A1313182F1D4F3900F0A47D /* DependenciesMacros in Frameworks */ = {isa = PBXBuildFile; productRef = 4A1313172F1D4F3900F0A47D /* DependenciesMacros */; };
		4A13131D2F1D4F5800F0A47D /* AppStoreConnect-Swift-SDK in Frameworks */ = {isa = PBXBuildFile; productRef = 4A13131C2F1D4F5800F0A47D /* AppStoreConnect-Swift-SDK */; };
		4A1313202F1D4F8600F0A47D /* SQLiteData in Frameworks */ = {isa = PBXBuildFile; productRef = 4A13131F2F1D4F8600F0A47D /* SQLiteData */; };
		4A1313222F1D4F8600F0A47D /* SQLiteDataTestSupport in Frameworks */ = {isa = PBXBuildFile; productRef = 4A1313212F1D4F8600F0A47D /* SQLiteDataTestSupport */; };
		4A54F2D42F2D76AF00388C07 /* ConfettiSwiftUI in Frameworks */ = {isa = PBXBuildFile; productRef = 4A54F2D32F2D76AF00388C07 /* ConfettiSwiftUI */; };
/* End PBXBuildFile section */

/* Begin PBXContainerItemProxy section */
		4A1312F82F1D4EEA00F0A47D /* PBXContainerItemProxy */ = {
			isa = PBXContainerItemProxy;
			containerPortal = 4A1312E22F1D4EE700F0A47D /* Project object */;
			proxyType = 1;
			remoteGlobalIDString = 4A1312E92F1D4EE700F0A47D;
			remoteInfo = Verbi;
		};
		4A1313022F1D4EEA00F0A47D /* PBXContainerItemProxy */ = {
			isa = PBXContainerItemProxy;
			containerPortal = 4A1312E22F1D4EE700F0A47D /* Project object */;
			proxyType = 1;
			remoteGlobalIDString = 4A1312E92F1D4EE700F0A47D;
			remoteInfo = Verbi;
		};
/* End PBXContainerItemProxy section */

/* Begin PBXFileReference section */
		4A1312EA2F1D4EE700F0A47D /* Verbi.app */ = {isa = PBXFileReference; explicitFileType = wrapper.application; includeInIndex = 0; path = Verbi.app; sourceTree = BUILT_PRODUCTS_DIR; };
		4A1312F72F1D4EEA00F0A47D /* VerbiTests.xctest */ = {isa = PBXFileReference; explicitFileType = wrapper.cfbundle; includeInIndex = 0; path = VerbiTests.xctest; sourceTree = BUILT_PRODUCTS_DIR; };
		4A1313012F1D4EEA00F0A47D /* VerbiUITests.xctest */ = {isa = PBXFileReference; explicitFileType = wrapper.cfbundle; includeInIndex = 0; path = VerbiUITests.xctest; sourceTree = BUILT_PRODUCTS_DIR; };
/* End PBXFileReference section */

/* Begin PBXFileSystemSynchronizedRootGroup section */
		4A1312EC2F1D4EE700F0A47D /* Verbi */ = {
			isa = PBXFileSystemSynchronizedRootGroup;
			path = Verbi;
			sourceTree = "<group>";
		};
		4A1312FA2F1D4EEA00F0A47D /* VerbiTests */ = {
			isa = PBXFileSystemSynchronizedRootGroup;
			path = VerbiTests;
			sourceTree = "<group>";
		};
		4A1313042F1D4EEA00F0A47D /* VerbiUITests */ = {
			isa = PBXFileSystemSynchronizedRootGroup;
			path = VerbiUITests;
			sourceTree = "<group>";
		};
/* End PBXFileSystemSynchronizedRootGroup section */

/* Begin PBXFrameworksBuildPhase section */
		4A1312E72F1D4EE700F0A47D /* Frameworks */ = {
			isa = PBXFrameworksBuildPhase;
			buildActionMask = 2147483647;
			files = (
				4A54F2D42F2D76AF00388C07 /* ConfettiSwiftUI in Frameworks */,
				4A1313182F1D4F3900F0A47D /* DependenciesMacros in Frameworks */,
				4A1313162F1D4F3900F0A47D /* Dependencies in Frameworks */,
				4A1313202F1D4F8600F0A47D /* SQLiteData in Frameworks */,
				4A13131D2F1D4F5800F0A47D /* AppStoreConnect-Swift-SDK in Frameworks */,
			);
			runOnlyForDeploymentPostprocessing = 0;
		};
		4A1312F42F1D4EEA00F0A47D /* Frameworks */ = {
			isa = PBXFrameworksBuildPhase;
			buildActionMask = 2147483647;
			files = (
				4A1313222F1D4F8600F0A47D /* SQLiteDataTestSupport in Frameworks */,
			);
			runOnlyForDeploymentPostprocessing = 0;
		};
		4A1312FE2F1D4EEA00F0A47D /* Frameworks */ = {
			isa = PBXFrameworksBuildPhase;
			buildActionMask = 2147483647;
			files = (
			);
			runOnlyForDeploymentPostprocessing = 0;
		};
/* End PBXFrameworksBuildPhase section */

/* Begin PBXGroup section */
		4A1312E12F1D4EE700F0A47D = {
			isa = PBXGroup;
			children = (
				4A1312EC2F1D4EE700F0A47D /* Verbi */,
				4A1312FA2F1D4EEA00F0A47D /* VerbiTests */,
				4A1313042F1D4EEA00F0A47D /* VerbiUITests */,
				4A1312EB2F1D4EE700F0A47D /* Products */,
			);
			sourceTree = "<group>";
		};
		4A1312EB2F1D4EE700F0A47D /* Products */ = {
			isa = PBXGroup;
			children = (
				4A1312EA2F1D4EE700F0A47D /* Verbi.app */,
				4A1312F72F1D4EEA00F0A47D /* VerbiTests.xctest */,
				4A1313012F1D4EEA00F0A47D /* VerbiUITests.xctest */,
			);
			name = Products;
			sourceTree = "<group>";
		};
/* End PBXGroup section */

/* Begin PBXNativeTarget section */
		4A1312E92F1D4EE700F0A47D /* Verbi */ = {
			isa = PBXNativeTarget;
			buildConfigurationList = 4A13130B2F1D4EEA00F0A47D /* Build configuration list for PBXNativeTarget "Verbi" */;
			buildPhases = (
				4A1312E62F1D4EE700F0A47D /* Sources */,
				4A1312E72F1D4EE700F0A47D /* Frameworks */,
				4A1312E82F1D4EE700F0A47D /* Resources */,
			);
			buildRules = (
			);
			dependencies = (
			);
			fileSystemSynchronizedGroups = (
				4A1312EC2F1D4EE700F0A47D /* Verbi */,
			);
			name = Verbi;
			packageProductDependencies = (
				4A1313152F1D4F3900F0A47D /* Dependencies */,
				4A1313172F1D4F3900F0A47D /* DependenciesMacros */,
				4A13131C2F1D4F5800F0A47D /* AppStoreConnect-Swift-SDK */,
				4A13131F2F1D4F8600F0A47D /* SQLiteData */,
				4A54F2D32F2D76AF00388C07 /* ConfettiSwiftUI */,
			);
			productName = Verbi;
			productReference = 4A1312EA2F1D4EE700F0A47D /* Verbi.app */;
			productType = "com.apple.product-type.application";
		};
		4A1312F62F1D4EEA00F0A47D /* VerbiTests */ = {
			isa = PBXNativeTarget;
			buildConfigurationList = 4A13130E2F1D4EEA00F0A47D /* Build configuration list for PBXNativeTarget "VerbiTests" */;
			buildPhases = (
				4A1312F32F1D4EEA00F0A47D /* Sources */,
				4A1312F42F1D4EEA00F0A47D /* Frameworks */,
				4A1312F52F1D4EEA00F0A47D /* Resources */,
			);
			buildRules = (
			);
			dependencies = (
				4A1312F92F1D4EEA00F0A47D /* PBXTargetDependency */,
			);
			fileSystemSynchronizedGroups = (
				4A1312FA2F1D4EEA00F0A47D /* VerbiTests */,
			);
			name = VerbiTests;
			packageProductDependencies = (
				4A1313212F1D4F8600F0A47D /* SQLiteDataTestSupport */,
			);
			productName = VerbiTests;
			productReference = 4A1312F72F1D4EEA00F0A47D /* VerbiTests.xctest */;
			productType = "com.apple.product-type.bundle.unit-test";
		};
		4A1313002F1D4EEA00F0A47D /* VerbiUITests */ = {
			isa = PBXNativeTarget;
			buildConfigurationList = 4A1313112F1D4EEA00F0A47D /* Build configuration list for PBXNativeTarget "VerbiUITests" */;
			buildPhases = (
				4A1312FD2F1D4EEA00F0A47D /* Sources */,
				4A1312FE2F1D4EEA00F0A47D /* Frameworks */,
				4A1312FF2F1D4EEA00F0A47D /* Resources */,
			);
			buildRules = (
			);
			dependencies = (
				4A1313032F1D4EEA00F0A47D /* PBXTargetDependency */,
			);
			fileSystemSynchronizedGroups = (
				4A1313042F1D4EEA00F0A47D /* VerbiUITests */,
			);
			name = VerbiUITests;
			packageProductDependencies = (
			);
			productName = VerbiUITests;
			productReference = 4A1313012F1D4EEA00F0A47D /* VerbiUITests.xctest */;
			productType = "com.apple.product-type.bundle.ui-testing";
		};
/* End PBXNativeTarget section */

/* Begin PBXProject section */
		4A1312E22F1D4EE700F0A47D /* Project object */ = {
			isa = PBXProject;
			attributes = {
				BuildIndependentTargetsInParallel = 1;
				LastSwiftUpdateCheck = 2600;
				LastUpgradeCheck = 2600;
				TargetAttributes = {
					4A1312E92F1D4EE700F0A47D = {
						CreatedOnToolsVersion = 26.0;
					};
					4A1312F62F1D4EEA00F0A47D = {
						CreatedOnToolsVersion = 26.0;
						TestTargetID = 4A1312E92F1D4EE700F0A47D;
					};
					4A1313002F1D4EEA00F0A47D = {
						CreatedOnToolsVersion = 26.0;
						TestTargetID = 4A1312E92F1D4EE700F0A47D;
					};
				};
			};
			buildConfigurationList = 4A1312E52F1D4EE700F0A47D /* Build configuration list for PBXProject "Verbi" */;
			developmentRegion = en;
			hasScannedForEncodings = 0;
			knownRegions = (
				en,
				Base,
			);
			mainGroup = 4A1312E12F1D4EE700F0A47D;
			minimizedProjectReferenceProxies = 1;
			packageReferences = (
				4A1313142F1D4F3900F0A47D /* XCRemoteSwiftPackageReference "swift-dependencies" */,
				4A13131B2F1D4F5800F0A47D /* XCRemoteSwiftPackageReference "appstoreconnect-swift-sdk" */,
				4A13131E2F1D4F8600F0A47D /* XCRemoteSwiftPackageReference "sqlite-data" */,
				4A54F2D22F2D76AF00388C07 /* XCRemoteSwiftPackageReference "ConfettiSwiftUI" */,
			);
			preferredProjectObjectVersion = 77;
			productRefGroup = 4A1312EB2F1D4EE700F0A47D /* Products */;
			projectDirPath = "";
			projectRoot = "";
			targets = (
				4A1312E92F1D4EE700F0A47D /* Verbi */,
				4A1312F62F1D4EEA00F0A47D /* VerbiTests */,
				4A1313002F1D4EEA00F0A47D /* VerbiUITests */,
			);
		};
/* End PBXProject section */

/* Begin PBXResourcesBuildPhase section */
		4A1312E82F1D4EE700F0A47D /* Resources */ = {
			isa = PBXResourcesBuildPhase;
			buildActionMask = 2147483647;
			files = (
			);
			runOnlyForDeploymentPostprocessing = 0;
		};
		4A1312F52F1D4EEA00F0A47D /* Resources */ = {
			isa = PBXResourcesBuildPhase;
			buildActionMask = 2147483647;
			files = (
			);
			runOnlyForDeploymentPostprocessing = 0;
		};
		4A1312FF2F1D4EEA00F0A47D /* Resources */ = {
			isa = PBXResourcesBuildPhase;
			buildActionMask = 2147483647;
			files = (
			);
			runOnlyForDeploymentPostprocessing = 0;
		};
/* End PBXResourcesBuildPhase section */

/* Begin PBXSourcesBuildPhase section */
		4A1312E62F1D4EE700F0A47D /* Sources */ = {
			isa = PBXSourcesBuildPhase;
			buildActionMask = 2147483647;
			files = (
			);
			runOnlyForDeploymentPostprocessing = 0;
		};
		4A1312F32F1D4EEA00F0A47D /* Sources */ = {
			isa = PBXSourcesBuildPhase;
			buildActionMask = 2147483647;
			files = (
			);
			runOnlyForDeploymentPostprocessing = 0;
		};
		4A1312FD2F1D4EEA00F0A47D /* Sources */ = {
			isa = PBXSourcesBuildPhase;
			buildActionMask = 2147483647;
			files = (
			);
			runOnlyForDeploymentPostprocessing = 0;
		};
/* End PBXSourcesBuildPhase section */

/* Begin PBXTargetDependency section */
		4A1312F92F1D4EEA00F0A47D /* PBXTargetDependency */ = {
			isa = PBXTargetDependency;
			target = 4A1312E92F1D4EE700F0A47D /* Verbi */;
			targetProxy = 4A1312F82F1D4EEA00F0A47D /* PBXContainerItemProxy */;
		};
		4A1313032F1D4EEA00F0A47D /* PBXTargetDependency */ = {
			isa = PBXTargetDependency;
			target = 4A1312E92F1D4EE700F0A47D /* Verbi */;
			targetProxy = 4A1313022F1D4EEA00F0A47D /* PBXContainerItemProxy */;
		};
/* End PBXTargetDependency section */

/* Begin XCBuildConfiguration section */
		4A1313092F1D4EEA00F0A47D /* Debug */ = {
			isa = XCBuildConfiguration;
			buildSettings = {
				ALWAYS_SEARCH_USER_PATHS = NO;
				ASSETCATALOG_COMPILER_GENERATE_SWIFT_ASSET_SYMBOL_EXTENSIONS = YES;
				CLANG_ANALYZER_NONNULL = YES;
				CLANG_ANALYZER_NUMBER_OBJECT_CONVERSION = YES_AGGRESSIVE;
				CLANG_CXX_LANGUAGE_STANDARD = "gnu++20";
				CLANG_ENABLE_MODULES = YES;
				CLANG_ENABLE_OBJC_ARC = YES;
				CLANG_ENABLE_OBJC_WEAK = YES;
				CLANG_WARN_BLOCK_CAPTURE_AUTORELEASING = YES;
				CLANG_WARN_BOOL_CONVERSION = YES;
				CLANG_WARN_COMMA = YES;
				CLANG_WARN_CONSTANT_CONVERSION = YES;
				CLANG_WARN_DEPRECATED_OBJC_IMPLEMENTATIONS = YES;
				CLANG_WARN_DIRECT_OBJC_ISA_USAGE = YES_ERROR;
				CLANG_WARN_DOCUMENTATION_COMMENTS = YES;
				CLANG_WARN_EMPTY_BODY = YES;
				CLANG_WARN_ENUM_CONVERSION = YES;
				CLANG_WARN_INFINITE_RECURSION = YES;
				CLANG_WARN_INT_CONVERSION = YES;
				CLANG_WARN_NON_LITERAL_NULL_CONVERSION = YES;
				CLANG_WARN_OBJC_IMPLICIT_RETAIN_SELF = YES;
				CLANG_WARN_OBJC_LITERAL_CONVERSION = YES;
				CLANG_WARN_OBJC_ROOT_CLASS = YES_ERROR;
				CLANG_WARN_QUOTED_INCLUDE_IN_FRAMEWORK_HEADER = YES;
				CLANG_WARN_RANGE_LOOP_ANALYSIS = YES;
				CLANG_WARN_STRICT_PROTOTYPES = YES;
				CLANG_WARN_SUSPICIOUS_MOVE = YES;
				CLANG_WARN_UNGUARDED_AVAILABILITY = YES_AGGRESSIVE;
				CLANG_WARN_UNREACHABLE_CODE = YES;
				CLANG_WARN__DUPLICATE_METHOD_MATCH = YES;
				COPY_PHASE_STRIP = NO;
				DEBUG_INFORMATION_FORMAT = dwarf;
				DEVELOPMENT_TEAM = 42NMTS82GU;
				ENABLE_STRICT_OBJC_MSGSEND = YES;
				ENABLE_TESTABILITY = YES;
				ENABLE_USER_SCRIPT_SANDBOXING = YES;
				GCC_C_LANGUAGE_STANDARD = gnu17;
				GCC_DYNAMIC_NO_PIC = NO;
				GCC_NO_COMMON_BLOCKS = YES;
				GCC_OPTIMIZATION_LEVEL = 0;
				GCC_PREPROCESSOR_DEFINITIONS = (
					"DEBUG=1",
					"$(inherited)",
				);
				GCC_WARN_64_TO_32_BIT_CONVERSION = YES;
				GCC_WARN_ABOUT_RETURN_TYPE = YES_ERROR;
				GCC_WARN_UNDECLARED_SELECTOR = YES;
				GCC_WARN_UNINITIALIZED_AUTOS = YES_AGGRESSIVE;
				GCC_WARN_UNUSED_FUNCTION = YES;
				GCC_WARN_UNUSED_VARIABLE = YES;
				LOCALIZATION_PREFERS_STRING_CATALOGS = YES;
				MACOSX_DEPLOYMENT_TARGET = 15.7;
				MTL_ENABLE_DEBUG_INFO = INCLUDE_SOURCE;
				MTL_FAST_MATH = YES;
				ONLY_ACTIVE_ARCH = YES;
				SDKROOT = macosx;
				SWIFT_ACTIVE_COMPILATION_CONDITIONS = "DEBUG $(inherited)";
				SWIFT_DEFAULT_ACTOR_ISOLATION = MainActor;
				SWIFT_OPTIMIZATION_LEVEL = "-Onone";
			};
			name = Debug;
		};
		4A13130A2F1D4EEA00F0A47D /* Release */ = {
			isa = XCBuildConfiguration;
			buildSettings = {
				ALWAYS_SEARCH_USER_PATHS = NO;
				ASSETCATALOG_COMPILER_GENERATE_SWIFT_ASSET_SYMBOL_EXTENSIONS = YES;
				CLANG_ANALYZER_NONNULL = YES;
				CLANG_ANALYZER_NUMBER_OBJECT_CONVERSION = YES_AGGRESSIVE;
				CLANG_CXX_LANGUAGE_STANDARD = "gnu++20";
				CLANG_ENABLE_MODULES = YES;
				CLANG_ENABLE_OBJC_ARC = YES;
				CLANG_ENABLE_OBJC_WEAK = YES;
				CLANG_WARN_BLOCK_CAPTURE_AUTORELEASING = YES;
				CLANG_WARN_BOOL_CONVERSION = YES;
				CLANG_WARN_COMMA = YES;
				CLANG_WARN_CONSTANT_CONVERSION = YES;
				CLANG_WARN_DEPRECATED_OBJC_IMPLEMENTATIONS = YES;
				CLANG_WARN_DIRECT_OBJC_ISA_USAGE = YES_ERROR;
				CLANG_WARN_DOCUMENTATION_COMMENTS = YES;
				CLANG_WARN_EMPTY_BODY = YES;
				CLANG_WARN_ENUM_CONVERSION = YES;
				CLANG_WARN_INFINITE_RECURSION = YES;
				CLANG_WARN_INT_CONVERSION = YES;
				CLANG_WARN_NON_LITERAL_NULL_CONVERSION = YES;
				CLANG_WARN_OBJC_IMPLICIT_RETAIN_SELF = YES;
				CLANG_WARN_OBJC_LITERAL_CONVERSION = YES;
				CLANG_WARN_OBJC_ROOT_CLASS = YES_ERROR;
				CLANG_WARN_QUOTED_INCLUDE_IN_FRAMEWORK_HEADER = YES;
				CLANG_WARN_RANGE_LOOP_ANALYSIS = YES;
				CLANG_WARN_STRICT_PROTOTYPES = YES;
				CLANG_WARN_SUSPICIOUS_MOVE = YES;
				CLANG_WARN_UNGUARDED_AVAILABILITY = YES_AGGRESSIVE;
				CLANG_WARN_UNREACHABLE_CODE = YES;
				CLANG_WARN__DUPLICATE_METHOD_MATCH = YES;
				COPY_PHASE_STRIP = NO;
				DEBUG_INFORMATION_FORMAT = "dwarf-with-dsym";
				DEVELOPMENT_TEAM = 42NMTS82GU;
				ENABLE_NS_ASSERTIONS = NO;
				ENABLE_STRICT_OBJC_MSGSEND = YES;
				ENABLE_USER_SCRIPT_SANDBOXING = YES;
				GCC_C_LANGUAGE_STANDARD = gnu17;
				GCC_NO_COMMON_BLOCKS = YES;
				GCC_WARN_64_TO_32_BIT_CONVERSION = YES;
				GCC_WARN_ABOUT_RETURN_TYPE = YES_ERROR;
				GCC_WARN_UNDECLARED_SELECTOR = YES;
				GCC_WARN_UNINITIALIZED_AUTOS = YES_AGGRESSIVE;
				GCC_WARN_UNUSED_FUNCTION = YES;
				GCC_WARN_UNUSED_VARIABLE = YES;
				LOCALIZATION_PREFERS_STRING_CATALOGS = YES;
				MACOSX_DEPLOYMENT_TARGET = 15.7;
				MTL_ENABLE_DEBUG_INFO = NO;
				MTL_FAST_MATH = YES;
				SDKROOT = macosx;
				SWIFT_COMPILATION_MODE = wholemodule;
				SWIFT_DEFAULT_ACTOR_ISOLATION = MainActor;
			};
			name = Release;
		};
		4A13130C2F1D4EEA00F0A47D /* Debug */ = {
			isa = XCBuildConfiguration;
			buildSettings = {
				ASSETCATALOG_COMPILER_APPICON_NAME = AppIcon;
				ASSETCATALOG_COMPILER_GLOBAL_ACCENT_COLOR_NAME = AccentColor;
				CODE_SIGN_STYLE = Automatic;
				COMBINE_HIDPI_IMAGES = YES;
				CURRENT_PROJECT_VERSION = 1;
				DEVELOPMENT_TEAM = 42NMTS82GU;
				ENABLE_APP_SANDBOX = YES;
				ENABLE_HARDENED_RUNTIME = YES;
				ENABLE_INCOMING_NETWORK_CONNECTIONS = YES;
				ENABLE_OUTGOING_NETWORK_CONNECTIONS = YES;
				ENABLE_PREVIEWS = YES;
				ENABLE_RESOURCE_ACCESS_AUDIO_INPUT = NO;
				ENABLE_RESOURCE_ACCESS_BLUETOOTH = NO;
				ENABLE_RESOURCE_ACCESS_CALENDARS = NO;
				ENABLE_RESOURCE_ACCESS_CAMERA = NO;
				ENABLE_RESOURCE_ACCESS_CONTACTS = NO;
				ENABLE_RESOURCE_ACCESS_LOCATION = NO;
				ENABLE_RESOURCE_ACCESS_PRINTING = NO;
				ENABLE_RESOURCE_ACCESS_USB = NO;
				ENABLE_USER_SELECTED_FILES = readonly;
				GENERATE_INFOPLIST_FILE = YES;
				INFOPLIST_KEY_NSHumanReadableCopyright = "";
				LD_RUNPATH_SEARCH_PATHS = (
					"$(inherited)",
					"@executable_path/../Frameworks",
				);
				MARKETING_VERSION = 1.0;
				PRODUCT_BUNDLE_IDENTIFIER = de.pscoding.Verbi;
				PRODUCT_NAME = "$(TARGET_NAME)";
				REGISTER_APP_GROUPS = YES;
				STRING_CATALOG_GENERATE_SYMBOLS = YES;
				SWIFT_APPROACHABLE_CONCURRENCY = YES;
				SWIFT_DEFAULT_ACTOR_ISOLATION = MainActor;
				SWIFT_EMIT_LOC_STRINGS = YES;
				SWIFT_UPCOMING_FEATURE_MEMBER_IMPORT_VISIBILITY = YES;
				SWIFT_VERSION = 5.0;
			};
			name = Debug;
		};
		4A13130D2F1D4EEA00F0A47D /* Release */ = {
			isa = XCBuildConfiguration;
			buildSettings = {
				ASSETCATALOG_COMPILER_APPICON_NAME = AppIcon;
				ASSETCATALOG_COMPILER_GLOBAL_ACCENT_COLOR_NAME = AccentColor;
				CODE_SIGN_STYLE = Automatic;
				COMBINE_HIDPI_IMAGES = YES;
				CURRENT_PROJECT_VERSION = 1;
				DEVELOPMENT_TEAM = 42NMTS82GU;
				ENABLE_APP_SANDBOX = YES;
				ENABLE_HARDENED_RUNTIME = YES;
				ENABLE_INCOMING_NETWORK_CONNECTIONS = YES;
				ENABLE_OUTGOING_NETWORK_CONNECTIONS = YES;
				ENABLE_PREVIEWS = YES;
				ENABLE_RESOURCE_ACCESS_AUDIO_INPUT = NO;
				ENABLE_RESOURCE_ACCESS_BLUETOOTH = NO;
				ENABLE_RESOURCE_ACCESS_CALENDARS = NO;
				ENABLE_RESOURCE_ACCESS_CAMERA = NO;
				ENABLE_RESOURCE_ACCESS_CONTACTS = NO;
				ENABLE_RESOURCE_ACCESS_LOCATION = NO;
				ENABLE_RESOURCE_ACCESS_PRINTING = NO;
				ENABLE_RESOURCE_ACCESS_USB = NO;
				ENABLE_USER_SELECTED_FILES = readonly;
				GENERATE_INFOPLIST_FILE = YES;
				INFOPLIST_KEY_NSHumanReadableCopyright = "";
				LD_RUNPATH_SEARCH_PATHS = (
					"$(inherited)",
					"@executable_path/../Frameworks",
				);
				MARKETING_VERSION = 1.0;
				PRODUCT_BUNDLE_IDENTIFIER = de.pscoding.Verbi;
				PRODUCT_NAME = "$(TARGET_NAME)";
				REGISTER_APP_GROUPS = YES;
				STRING_CATALOG_GENERATE_SYMBOLS = YES;
				SWIFT_APPROACHABLE_CONCURRENCY = YES;
				SWIFT_DEFAULT_ACTOR_ISOLATION = MainActor;
				SWIFT_EMIT_LOC_STRINGS = YES;
				SWIFT_UPCOMING_FEATURE_MEMBER_IMPORT_VISIBILITY = YES;
				SWIFT_VERSION = 5.0;
			};
			name = Release;
		};
		4A13130F2F1D4EEA00F0A47D /* Debug */ = {
			isa = XCBuildConfiguration;
			buildSettings = {
				BUNDLE_LOADER = "$(TEST_HOST)";
				CODE_SIGN_STYLE = Automatic;
				CURRENT_PROJECT_VERSION = 1;
				DEVELOPMENT_TEAM = 42NMTS82GU;
				GENERATE_INFOPLIST_FILE = YES;
				MACOSX_DEPLOYMENT_TARGET = 15.7;
				MARKETING_VERSION = 1.0;
				PRODUCT_BUNDLE_IDENTIFIER = de.pscoding.VerbiTests;
				PRODUCT_NAME = "$(TARGET_NAME)";
				STRING_CATALOG_GENERATE_SYMBOLS = NO;
				SWIFT_APPROACHABLE_CONCURRENCY = YES;
				SWIFT_EMIT_LOC_STRINGS = NO;
				SWIFT_UPCOMING_FEATURE_MEMBER_IMPORT_VISIBILITY = YES;
				SWIFT_VERSION = 5.0;
				TEST_HOST = "$(BUILT_PRODUCTS_DIR)/Verbi.app/$(BUNDLE_EXECUTABLE_FOLDER_PATH)/Verbi";
			};
			name = Debug;
		};
		4A1313102F1D4EEA00F0A47D /* Release */ = {
			isa = XCBuildConfiguration;
			buildSettings = {
				BUNDLE_LOADER = "$(TEST_HOST)";
				CODE_SIGN_STYLE = Automatic;
				CURRENT_PROJECT_VERSION = 1;
				DEVELOPMENT_TEAM = 42NMTS82GU;
				GENERATE_INFOPLIST_FILE = YES;
				MACOSX_DEPLOYMENT_TARGET = 15.7;
				MARKETING_VERSION = 1.0;
				PRODUCT_BUNDLE_IDENTIFIER = de.pscoding.VerbiTests;
				PRODUCT_NAME = "$(TARGET_NAME)";
				STRING_CATALOG_GENERATE_SYMBOLS = NO;
				SWIFT_APPROACHABLE_CONCURRENCY = YES;
				SWIFT_EMIT_LOC_STRINGS = NO;
				SWIFT_UPCOMING_FEATURE_MEMBER_IMPORT_VISIBILITY = YES;
				SWIFT_VERSION = 5.0;
				TEST_HOST = "$(BUILT_PRODUCTS_DIR)/Verbi.app/$(BUNDLE_EXECUTABLE_FOLDER_PATH)/Verbi";
			};
			name = Release;
		};
		4A1313122F1D4EEA00F0A47D /* Debug */ = {
			isa = XCBuildConfiguration;
			buildSettings = {
				CODE_SIGN_STYLE = Automatic;
				CURRENT_PROJECT_VERSION = 1;
				DEVELOPMENT_TEAM = 42NMTS82GU;
				GENERATE_INFOPLIST_FILE = YES;
				MARKETING_VERSION = 1.0;
				PRODUCT_BUNDLE_IDENTIFIER = de.pscoding.VerbiUITests;
				PRODUCT_NAME = "$(TARGET_NAME)";
				STRING_CATALOG_GENERATE_SYMBOLS = NO;
				SWIFT_APPROACHABLE_CONCURRENCY = YES;
				SWIFT_EMIT_LOC_STRINGS = NO;
				SWIFT_UPCOMING_FEATURE_MEMBER_IMPORT_VISIBILITY = YES;
				SWIFT_VERSION = 5.0;
				TEST_TARGET_NAME = Verbi;
			};
			name = Debug;
		};
		4A1313132F1D4EEA00F0A47D /* Release */ = {
			isa = XCBuildConfiguration;
			buildSettings = {
				CODE_SIGN_STYLE = Automatic;
				CURRENT_PROJECT_VERSION = 1;
				DEVELOPMENT_TEAM = 42NMTS82GU;
				GENERATE_INFOPLIST_FILE = YES;
				MARKETING_VERSION = 1.0;
				PRODUCT_BUNDLE_IDENTIFIER = de.pscoding.VerbiUITests;
				PRODUCT_NAME = "$(TARGET_NAME)";
				STRING_CATALOG_GENERATE_SYMBOLS = NO;
				SWIFT_APPROACHABLE_CONCURRENCY = YES;
				SWIFT_EMIT_LOC_STRINGS = NO;
				SWIFT_UPCOMING_FEATURE_MEMBER_IMPORT_VISIBILITY = YES;
				SWIFT_VERSION = 5.0;
				TEST_TARGET_NAME = Verbi;
			};
			name = Release;
		};
/* End XCBuildConfiguration section */

/* Begin XCConfigurationList section */
		4A1312E52F1D4EE700F0A47D /* Build configuration list for PBXProject "Verbi" */ = {
			isa = XCConfigurationList;
			buildConfigurations = (
				4A1313092F1D4EEA00F0A47D /* Debug */,
				4A13130A2F1D4EEA00F0A47D /* Release */,
			);
			defaultConfigurationIsVisible = 0;
			defaultConfigurationName = Release;
		};
		4A13130B2F1D4EEA00F0A47D /* Build configuration list for PBXNativeTarget "Verbi" */ = {
			isa = XCConfigurationList;
			buildConfigurations = (
				4A13130C2F1D4EEA00F0A47D /* Debug */,
				4A13130D2F1D4EEA00F0A47D /* Release */,
			);
			defaultConfigurationIsVisible = 0;
			defaultConfigurationName = Release;
		};
		4A13130E2F1D4EEA00F0A47D /* Build configuration list for PBXNativeTarget "VerbiTests" */ = {
			isa = XCConfigurationList;
			buildConfigurations = (
				4A13130F2F1D4EEA00F0A47D /* Debug */,
				4A1313102F1D4EEA00F0A47D /* Release */,
			);
			defaultConfigurationIsVisible = 0;
			defaultConfigurationName = Release;
		};
		4A1313112F1D4EEA00F0A47D /* Build configuration list for PBXNativeTarget "VerbiUITests" */ = {
			isa = XCConfigurationList;
			buildConfigurations = (
				4A1313122F1D4EEA00F0A47D /* Debug */,
				4A1313132F1D4EEA00F0A47D /* Release */,
			);
			defaultConfigurationIsVisible = 0;
			defaultConfigurationName = Release;
		};
/* End XCConfigurationList section */

/* Begin XCRemoteSwiftPackageReference section */
		4A1313142F1D4F3900F0A47D /* XCRemoteSwiftPackageReference "swift-dependencies" */ = {
			isa = XCRemoteSwiftPackageReference;
			repositoryURL = "https://github.com/pointfreeco/swift-dependencies";
			requirement = {
				kind = upToNextMajorVersion;
				minimumVersion = 1.10.1;
			};
		};
		4A13131B2F1D4F5800F0A47D /* XCRemoteSwiftPackageReference "appstoreconnect-swift-sdk" */ = {
			isa = XCRemoteSwiftPackageReference;
			repositoryURL = "https://github.com/AvdLee/appstoreconnect-swift-sdk";
			requirement = {
				kind = upToNextMajorVersion;
				minimumVersion = 4.2.0;
			};
		};
		4A13131E2F1D4F8600F0A47D /* XCRemoteSwiftPackageReference "sqlite-data" */ = {
			isa = XCRemoteSwiftPackageReference;
			repositoryURL = "https://github.com/pointfreeco/sqlite-data.git";
			requirement = {
				kind = upToNextMajorVersion;
				minimumVersion = 1.5.0;
			};
		};
		4A54F2D22F2D76AF00388C07 /* XCRemoteSwiftPackageReference "ConfettiSwiftUI" */ = {
			isa = XCRemoteSwiftPackageReference;
			repositoryURL = "https://github.com/simibac/ConfettiSwiftUI.git";
			requirement = {
				kind = upToNextMajorVersion;
				minimumVersion = 3.0.0;
			};
		};
/* End XCRemoteSwiftPackageReference section */

/* Begin XCSwiftPackageProductDependency section */
		4A1313152F1D4F3900F0A47D /* Dependencies */ = {
			isa = XCSwiftPackageProductDependency;
			package = 4A1313142F1D4F3900F0A47D /* XCRemoteSwiftPackageReference "swift-dependencies" */;
			productName = Dependencies;
		};
		4A1313172F1D4F3900F0A47D /* DependenciesMacros */ = {
			isa = XCSwiftPackageProductDependency;
			package = 4A1313142F1D4F3900F0A47D /* XCRemoteSwiftPackageReference "swift-dependencies" */;
			productName = DependenciesMacros;
		};
		4A13131C2F1D4F5800F0A47D /* AppStoreConnect-Swift-SDK */ = {
			isa = XCSwiftPackageProductDependency;
			package = 4A13131B2F1D4F5800F0A47D /* XCRemoteSwiftPackageReference "appstoreconnect-swift-sdk" */;
			productName = "AppStoreConnect-Swift-SDK";
		};
		4A13131F2F1D4F8600F0A47D /* SQLiteData */ = {
			isa = XCSwiftPackageProductDependency;
			package = 4A13131E2F1D4F8600F0A47D /* XCRemoteSwiftPackageReference "sqlite-data" */;
			productName = SQLiteData;
		};
		4A1313212F1D4F8600F0A47D /* SQLiteDataTestSupport */ = {
			isa = XCSwiftPackageProductDependency;
			package = 4A13131E2F1D4F8600F0A47D /* XCRemoteSwiftPackageReference "sqlite-data" */;
			productName = SQLiteDataTestSupport;
		};
		4A54F2D32F2D76AF00388C07 /* ConfettiSwiftUI */ = {
			isa = XCSwiftPackageProductDependency;
			package = 4A54F2D22F2D76AF00388C07 /* XCRemoteSwiftPackageReference "ConfettiSwiftUI" */;
			productName = ConfettiSwiftUI;
		};
/* End XCSwiftPackageProductDependency section */
	};
	rootObject = 4A1312E22F1D4EE700F0A47D /* Project object */;
}
